PODS:
  - LEETheme (1.1.7)
  - MLEmojiLabel (1.0.2):
    - TTTAttributedLabel (~> 1.13.4)
  - SDAutoLayout (2.2.0)
  - TTTAttributedLabel (1.13.4)

DEPENDENCIES:
  - LEETheme
  - MLEmojiLabel
  - SDAutoLayout

SPEC CHECKSUMS:
  LEETheme: e5dc623fe58ee9f2b973e9a7445267e3e972deb4
  MLEmojiLabel: 36d73c19f9975cbf9def24e5bc135263b0337fd8
  SDAutoLayout: c5509e77ae75735d9a39f7bc83dba6d3f75d49d8
  TTTAttributedLabel: 0a2ac7b2dd726d32a070dafb01446026b11e624f

PODFILE CHECKSUM: e45ff0249513daab12b7904a598a9576e740036a

COCOAPODS: 1.3.1
