// !$*UTF8*$!
{
	archiveVersion = 1;
	classes = {
	};
	objectVersion = 48;
	objects = {

/* Begin PBXBuildFile section */
		1BA75CAE1FA467C900B99A3F /* AppDelegate.m in Sources */ = {isa = PBXBuildFile; fileRef = 1BA75CAD1FA467C900B99A3F /* AppDelegate.m */; };
		1BA75CB11FA467C900B99A3F /* ViewController.m in Sources */ = {isa = PBXBuildFile; fileRef = 1BA75CB01FA467C900B99A3F /* ViewController.m */; };
		1BA75CB61FA467C900B99A3F /* Assets.xcassets in Resources */ = {isa = PBXBuildFile; fileRef = 1BA75CB51FA467C900B99A3F /* Assets.xcassets */; };
		1BA75CB91FA467C900B99A3F /* LaunchScreen.storyboard in Resources */ = {isa = PBXBuildFile; fileRef = 1BA75CB71FA467C900B99A3F /* LaunchScreen.storyboard */; };
		1BA75CBC1FA467C900B99A3F /* main.m in Sources */ = {isa = PBXBuildFile; fileRef = 1BA75CBB1FA467C900B99A3F /* main.m */; };
		262F7CC41FB0460200C2D24E /* QZAppFrameTabBarController.m in Sources */ = {isa = PBXBuildFile; fileRef = 262F7CC31FB0460200C2D24E /* QZAppFrameTabBarController.m */; };
		262F7CC71FB046DF00C2D24E /* QZBaseTableViewController.m in Sources */ = {isa = PBXBuildFile; fileRef = 262F7CC61FB046DF00C2D24E /* QZBaseTableViewController.m */; };
		262F7CCA1FB0475F00C2D24E /* QZHomeTableViewController.m in Sources */ = {isa = PBXBuildFile; fileRef = 262F7CC91FB0475F00C2D24E /* QZHomeTableViewController.m */; };
		262F7CCD1FB049B300C2D24E /* QZBaseNavgationController.m in Sources */ = {isa = PBXBuildFile; fileRef = 262F7CCC1FB049B300C2D24E /* QZBaseNavgationController.m */; };
		262F7D071FB05B9100C2D24E /* 0.jpg in Resources */ = {isa = PBXBuildFile; fileRef = 262F7CD21FB05B9100C2D24E /* 0.jpg */; };
		262F7D081FB05B9100C2D24E /* 1.jpg in Resources */ = {isa = PBXBuildFile; fileRef = 262F7CD31FB05B9100C2D24E /* 1.jpg */; };
		262F7D091FB05B9100C2D24E /* 10.jpg in Resources */ = {isa = PBXBuildFile; fileRef = 262F7CD41FB05B9100C2D24E /* 10.jpg */; };
		262F7D0A1FB05B9100C2D24E /* 11.jpg in Resources */ = {isa = PBXBuildFile; fileRef = 262F7CD51FB05B9100C2D24E /* 11.jpg */; };
		262F7D0B1FB05B9100C2D24E /* 12.jpg in Resources */ = {isa = PBXBuildFile; fileRef = 262F7CD61FB05B9100C2D24E /* 12.jpg */; };
		262F7D0C1FB05B9100C2D24E /* 13.jpg in Resources */ = {isa = PBXBuildFile; fileRef = 262F7CD71FB05B9100C2D24E /* 13.jpg */; };
		262F7D0D1FB05B9100C2D24E /* 14.jpg in Resources */ = {isa = PBXBuildFile; fileRef = 262F7CD81FB05B9100C2D24E /* 14.jpg */; };
		262F7D0E1FB05B9100C2D24E /* 15.jpg in Resources */ = {isa = PBXBuildFile; fileRef = 262F7CD91FB05B9100C2D24E /* 15.jpg */; };
		262F7D0F1FB05B9100C2D24E /* 16.jpg in Resources */ = {isa = PBXBuildFile; fileRef = 262F7CDA1FB05B9100C2D24E /* 16.jpg */; };
		262F7D101FB05B9100C2D24E /* 17.jpg in Resources */ = {isa = PBXBuildFile; fileRef = 262F7CDB1FB05B9100C2D24E /* 17.jpg */; };
		262F7D111FB05B9100C2D24E /* 18.jpg in Resources */ = {isa = PBXBuildFile; fileRef = 262F7CDC1FB05B9100C2D24E /* 18.jpg */; };
		262F7D121FB05B9100C2D24E /* 19.jpg in Resources */ = {isa = PBXBuildFile; fileRef = 262F7CDD1FB05B9100C2D24E /* 19.jpg */; };
		262F7D131FB05B9100C2D24E /* 2.jpg in Resources */ = {isa = PBXBuildFile; fileRef = 262F7CDE1FB05B9100C2D24E /* 2.jpg */; };
		262F7D141FB05B9100C2D24E /* 20.jpg in Resources */ = {isa = PBXBuildFile; fileRef = 262F7CDF1FB05B9100C2D24E /* 20.jpg */; };
		262F7D151FB05B9100C2D24E /* 21.jpg in Resources */ = {isa = PBXBuildFile; fileRef = 262F7CE01FB05B9100C2D24E /* 21.jpg */; };
		262F7D161FB05B9100C2D24E /* 22.jpg in Resources */ = {isa = PBXBuildFile; fileRef = 262F7CE11FB05B9100C2D24E /* 22.jpg */; };
		262F7D171FB05B9100C2D24E /* 23.jpg in Resources */ = {isa = PBXBuildFile; fileRef = 262F7CE21FB05B9100C2D24E /* 23.jpg */; };
		262F7D181FB05B9100C2D24E /* 3.jpg in Resources */ = {isa = PBXBuildFile; fileRef = 262F7CE31FB05B9100C2D24E /* 3.jpg */; };
		262F7D191FB05B9100C2D24E /* 4.jpg in Resources */ = {isa = PBXBuildFile; fileRef = 262F7CE41FB05B9100C2D24E /* 4.jpg */; };
		262F7D1A1FB05B9100C2D24E /* 5.jpg in Resources */ = {isa = PBXBuildFile; fileRef = 262F7CE51FB05B9100C2D24E /* 5.jpg */; };
		262F7D1B1FB05B9100C2D24E /* 6.jpg in Resources */ = {isa = PBXBuildFile; fileRef = 262F7CE61FB05B9100C2D24E /* 6.jpg */; };
		262F7D1C1FB05B9100C2D24E /* 7.jpg in Resources */ = {isa = PBXBuildFile; fileRef = 262F7CE71FB05B9100C2D24E /* 7.jpg */; };
		262F7D1D1FB05B9100C2D24E /* 8.jpg in Resources */ = {isa = PBXBuildFile; fileRef = 262F7CE81FB05B9100C2D24E /* 8.jpg */; };
		262F7D1E1FB05B9100C2D24E /* 9.jpg in Resources */ = {isa = PBXBuildFile; fileRef = 262F7CE91FB05B9100C2D24E /* 9.jpg */; };
		262F7D1F1FB05B9100C2D24E /* icon0.jpg in Resources */ = {isa = PBXBuildFile; fileRef = 262F7CEA1FB05B9100C2D24E /* icon0.jpg */; };
		262F7D201FB05B9100C2D24E /* icon1.jpg in Resources */ = {isa = PBXBuildFile; fileRef = 262F7CEB1FB05B9100C2D24E /* icon1.jpg */; };
		262F7D211FB05B9100C2D24E /* icon2.jpg in Resources */ = {isa = PBXBuildFile; fileRef = 262F7CEC1FB05B9100C2D24E /* icon2.jpg */; };
		262F7D221FB05B9100C2D24E /* icon3.jpg in Resources */ = {isa = PBXBuildFile; fileRef = 262F7CED1FB05B9100C2D24E /* icon3.jpg */; };
		262F7D231FB05B9100C2D24E /* icon4.jpg in Resources */ = {isa = PBXBuildFile; fileRef = 262F7CEE1FB05B9100C2D24E /* icon4.jpg */; };
		262F7D241FB05B9100C2D24E /* Contacts.xcassets in Resources */ = {isa = PBXBuildFile; fileRef = 262F7CEF1FB05B9100C2D24E /* Contacts.xcassets */; };
		262F7D251FB05B9100C2D24E /* Discover.xcassets in Resources */ = {isa = PBXBuildFile; fileRef = 262F7CF01FB05B9100C2D24E /* Discover.xcassets */; };
		262F7D261FB05B9100C2D24E /* Home.xcassets in Resources */ = {isa = PBXBuildFile; fileRef = 262F7CF11FB05B9100C2D24E /* Home.xcassets */; };
		262F7D271FB05B9100C2D24E /* Images.xcassets in Resources */ = {isa = PBXBuildFile; fileRef = 262F7CF21FB05B9100C2D24E /* Images.xcassets */; };
		262F7D281FB05B9100C2D24E /* Me.xcassets in Resources */ = {isa = PBXBuildFile; fileRef = 262F7CF31FB05B9100C2D24E /* Me.xcassets */; };
		262F7D291FB05B9100C2D24E /* test0.jpg in Resources */ = {isa = PBXBuildFile; fileRef = 262F7CF51FB05B9100C2D24E /* test0.jpg */; };
		262F7D2A1FB05B9100C2D24E /* test1.jpg in Resources */ = {isa = PBXBuildFile; fileRef = 262F7CF61FB05B9100C2D24E /* test1.jpg */; };
		262F7D2B1FB05B9100C2D24E /* test2.jpg in Resources */ = {isa = PBXBuildFile; fileRef = 262F7CF71FB05B9100C2D24E /* test2.jpg */; };
		262F7D2C1FB05B9100C2D24E /* test3.jpg in Resources */ = {isa = PBXBuildFile; fileRef = 262F7CF81FB05B9100C2D24E /* test3.jpg */; };
		262F7D2D1FB05B9100C2D24E /* test4.jpg in Resources */ = {isa = PBXBuildFile; fileRef = 262F7CF91FB05B9100C2D24E /* test4.jpg */; };
		262F7D2E1FB05B9100C2D24E /* pbg.jpg in Resources */ = {isa = PBXBuildFile; fileRef = 262F7CFB1FB05B9100C2D24E /* pbg.jpg */; };
		262F7D2F1FB05B9100C2D24E /* pic0.jpg in Resources */ = {isa = PBXBuildFile; fileRef = 262F7CFC1FB05B9100C2D24E /* pic0.jpg */; };
		262F7D301FB05B9100C2D24E /* pic1.jpg in Resources */ = {isa = PBXBuildFile; fileRef = 262F7CFD1FB05B9100C2D24E /* pic1.jpg */; };
		262F7D311FB05B9100C2D24E /* pic2.jpg in Resources */ = {isa = PBXBuildFile; fileRef = 262F7CFE1FB05B9100C2D24E /* pic2.jpg */; };
		262F7D321FB05B9100C2D24E /* pic3.jpg in Resources */ = {isa = PBXBuildFile; fileRef = 262F7CFF1FB05B9100C2D24E /* pic3.jpg */; };
		262F7D331FB05B9100C2D24E /* pic4.jpg in Resources */ = {isa = PBXBuildFile; fileRef = 262F7D001FB05B9100C2D24E /* pic4.jpg */; };
		262F7D341FB05B9100C2D24E /* pic5.jpg in Resources */ = {isa = PBXBuildFile; fileRef = 262F7D011FB05B9100C2D24E /* pic5.jpg */; };
		262F7D351FB05B9100C2D24E /* pic6.jpg in Resources */ = {isa = PBXBuildFile; fileRef = 262F7D021FB05B9100C2D24E /* pic6.jpg */; };
		262F7D361FB05B9100C2D24E /* pic7.jpg in Resources */ = {isa = PBXBuildFile; fileRef = 262F7D031FB05B9100C2D24E /* pic7.jpg */; };
		262F7D371FB05B9100C2D24E /* pic8.jpg in Resources */ = {isa = PBXBuildFile; fileRef = 262F7D041FB05B9100C2D24E /* pic8.jpg */; };
		262F7D381FB05B9100C2D24E /* picon.jpg in Resources */ = {isa = PBXBuildFile; fileRef = 262F7D051FB05B9100C2D24E /* picon.jpg */; };
		262F7D391FB05B9100C2D24E /* tx.jpeg in Resources */ = {isa = PBXBuildFile; fileRef = 262F7D061FB05B9100C2D24E /* tx.jpeg */; };
/* End PBXBuildFile section */

/* Begin PBXFileReference section */
		1BA75CA91FA467C900B99A3F /* QZWeiXin.app */ = {isa = PBXFileReference; explicitFileType = wrapper.application; includeInIndex = 0; path = QZWeiXin.app; sourceTree = BUILT_PRODUCTS_DIR; };
		1BA75CAC1FA467C900B99A3F /* AppDelegate.h */ = {isa = PBXFileReference; lastKnownFileType = sourcecode.c.h; path = AppDelegate.h; sourceTree = "<group>"; };
		1BA75CAD1FA467C900B99A3F /* AppDelegate.m */ = {isa = PBXFileReference; lastKnownFileType = sourcecode.c.objc; path = AppDelegate.m; sourceTree = "<group>"; };
		1BA75CAF1FA467C900B99A3F /* ViewController.h */ = {isa = PBXFileReference; lastKnownFileType = sourcecode.c.h; path = ViewController.h; sourceTree = "<group>"; };
		1BA75CB01FA467C900B99A3F /* ViewController.m */ = {isa = PBXFileReference; lastKnownFileType = sourcecode.c.objc; path = ViewController.m; sourceTree = "<group>"; };
		1BA75CB51FA467C900B99A3F /* Assets.xcassets */ = {isa = PBXFileReference; lastKnownFileType = folder.assetcatalog; path = Assets.xcassets; sourceTree = "<group>"; };
		1BA75CB81FA467C900B99A3F /* Base */ = {isa = PBXFileReference; lastKnownFileType = file.storyboard; name = Base; path = Base.lproj/LaunchScreen.storyboard; sourceTree = "<group>"; };
		1BA75CBA1FA467C900B99A3F /* Info.plist */ = {isa = PBXFileReference; lastKnownFileType = text.plist.xml; path = Info.plist; sourceTree = "<group>"; };
		1BA75CBB1FA467C900B99A3F /* main.m */ = {isa = PBXFileReference; lastKnownFileType = sourcecode.c.objc; path = main.m; sourceTree = "<group>"; };
		262F7CC21FB0460200C2D24E /* QZAppFrameTabBarController.h */ = {isa = PBXFileReference; fileEncoding = 4; lastKnownFileType = sourcecode.c.h; path = QZAppFrameTabBarController.h; sourceTree = "<group>"; };
		262F7CC31FB0460200C2D24E /* QZAppFrameTabBarController.m */ = {isa = PBXFileReference; fileEncoding = 4; lastKnownFileType = sourcecode.c.objc; path = QZAppFrameTabBarController.m; sourceTree = "<group>"; };
		262F7CC51FB046DF00C2D24E /* QZBaseTableViewController.h */ = {isa = PBXFileReference; fileEncoding = 4; lastKnownFileType = sourcecode.c.h; path = QZBaseTableViewController.h; sourceTree = "<group>"; };
		262F7CC61FB046DF00C2D24E /* QZBaseTableViewController.m */ = {isa = PBXFileReference; fileEncoding = 4; lastKnownFileType = sourcecode.c.objc; path = QZBaseTableViewController.m; sourceTree = "<group>"; };
		262F7CC81FB0475F00C2D24E /* QZHomeTableViewController.h */ = {isa = PBXFileReference; fileEncoding = 4; lastKnownFileType = sourcecode.c.h; path = QZHomeTableViewController.h; sourceTree = "<group>"; };
		262F7CC91FB0475F00C2D24E /* QZHomeTableViewController.m */ = {isa = PBXFileReference; fileEncoding = 4; lastKnownFileType = sourcecode.c.objc; path = QZHomeTableViewController.m; sourceTree = "<group>"; };
		262F7CCB1FB049B300C2D24E /* QZBaseNavgationController.h */ = {isa = PBXFileReference; fileEncoding = 4; lastKnownFileType = sourcecode.c.h; path = QZBaseNavgationController.h; sourceTree = "<group>"; };
		262F7CCC1FB049B300C2D24E /* QZBaseNavgationController.m */ = {isa = PBXFileReference; fileEncoding = 4; lastKnownFileType = sourcecode.c.objc; path = QZBaseNavgationController.m; sourceTree = "<group>"; };
		262F7CCE1FB04B1A00C2D24E /* GlobalDefines.pch */ = {isa = PBXFileReference; lastKnownFileType = sourcecode.c.h; path = GlobalDefines.pch; sourceTree = "<group>"; };
		262F7CD21FB05B9100C2D24E /* 0.jpg */ = {isa = PBXFileReference; lastKnownFileType = image.jpeg; path = 0.jpg; sourceTree = "<group>"; };
		262F7CD31FB05B9100C2D24E /* 1.jpg */ = {isa = PBXFileReference; lastKnownFileType = image.jpeg; path = 1.jpg; sourceTree = "<group>"; };
		262F7CD41FB05B9100C2D24E /* 10.jpg */ = {isa = PBXFileReference; lastKnownFileType = image.jpeg; path = 10.jpg; sourceTree = "<group>"; };
		262F7CD51FB05B9100C2D24E /* 11.jpg */ = {isa = PBXFileReference; lastKnownFileType = image.jpeg; path = 11.jpg; sourceTree = "<group>"; };
		262F7CD61FB05B9100C2D24E /* 12.jpg */ = {isa = PBXFileReference; lastKnownFileType = image.jpeg; path = 12.jpg; sourceTree = "<group>"; };
		262F7CD71FB05B9100C2D24E /* 13.jpg */ = {isa = PBXFileReference; lastKnownFileType = image.jpeg; path = 13.jpg; sourceTree = "<group>"; };
		262F7CD81FB05B9100C2D24E /* 14.jpg */ = {isa = PBXFileReference; lastKnownFileType = image.jpeg; path = 14.jpg; sourceTree = "<group>"; };
		262F7CD91FB05B9100C2D24E /* 15.jpg */ = {isa = PBXFileReference; lastKnownFileType = image.jpeg; path = 15.jpg; sourceTree = "<group>"; };
		262F7CDA1FB05B9100C2D24E /* 16.jpg */ = {isa = PBXFileReference; lastKnownFileType = image.jpeg; path = 16.jpg; sourceTree = "<group>"; };
		262F7CDB1FB05B9100C2D24E /* 17.jpg */ = {isa = PBXFileReference; lastKnownFileType = image.jpeg; path = 17.jpg; sourceTree = "<group>"; };
		262F7CDC1FB05B9100C2D24E /* 18.jpg */ = {isa = PBXFileReference; lastKnownFileType = image.jpeg; path = 18.jpg; sourceTree = "<group>"; };
		262F7CDD1FB05B9100C2D24E /* 19.jpg */ = {isa = PBXFileReference; lastKnownFileType = image.jpeg; path = 19.jpg; sourceTree = "<group>"; };
		262F7CDE1FB05B9100C2D24E /* 2.jpg */ = {isa = PBXFileReference; lastKnownFileType = image.jpeg; path = 2.jpg; sourceTree = "<group>"; };
		262F7CDF1FB05B9100C2D24E /* 20.jpg */ = {isa = PBXFileReference; lastKnownFileType = image.jpeg; path = 20.jpg; sourceTree = "<group>"; };
		262F7CE01FB05B9100C2D24E /* 21.jpg */ = {isa = PBXFileReference; lastKnownFileType = image.jpeg; path = 21.jpg; sourceTree = "<group>"; };
		262F7CE11FB05B9100C2D24E /* 22.jpg */ = {isa = PBXFileReference; lastKnownFileType = image.jpeg; path = 22.jpg; sourceTree = "<group>"; };
		262F7CE21FB05B9100C2D24E /* 23.jpg */ = {isa = PBXFileReference; lastKnownFileType = image.jpeg; path = 23.jpg; sourceTree = "<group>"; };
		262F7CE31FB05B9100C2D24E /* 3.jpg */ = {isa = PBXFileReference; lastKnownFileType = image.jpeg; path = 3.jpg; sourceTree = "<group>"; };
		262F7CE41FB05B9100C2D24E /* 4.jpg */ = {isa = PBXFileReference; lastKnownFileType = image.jpeg; path = 4.jpg; sourceTree = "<group>"; };
		262F7CE51FB05B9100C2D24E /* 5.jpg */ = {isa = PBXFileReference; lastKnownFileType = image.jpeg; path = 5.jpg; sourceTree = "<group>"; };
		262F7CE61FB05B9100C2D24E /* 6.jpg */ = {isa = PBXFileReference; lastKnownFileType = image.jpeg; path = 6.jpg; sourceTree = "<group>"; };
		262F7CE71FB05B9100C2D24E /* 7.jpg */ = {isa = PBXFileReference; lastKnownFileType = image.jpeg; path = 7.jpg; sourceTree = "<group>"; };
		262F7CE81FB05B9100C2D24E /* 8.jpg */ = {isa = PBXFileReference; lastKnownFileType = image.jpeg; path = 8.jpg; sourceTree = "<group>"; };
		262F7CE91FB05B9100C2D24E /* 9.jpg */ = {isa = PBXFileReference; lastKnownFileType = image.jpeg; path = 9.jpg; sourceTree = "<group>"; };
		262F7CEA1FB05B9100C2D24E /* icon0.jpg */ = {isa = PBXFileReference; lastKnownFileType = image.jpeg; path = icon0.jpg; sourceTree = "<group>"; };
		262F7CEB1FB05B9100C2D24E /* icon1.jpg */ = {isa = PBXFileReference; lastKnownFileType = image.jpeg; path = icon1.jpg; sourceTree = "<group>"; };
		262F7CEC1FB05B9100C2D24E /* icon2.jpg */ = {isa = PBXFileReference; lastKnownFileType = image.jpeg; path = icon2.jpg; sourceTree = "<group>"; };
		262F7CED1FB05B9100C2D24E /* icon3.jpg */ = {isa = PBXFileReference; lastKnownFileType = image.jpeg; path = icon3.jpg; sourceTree = "<group>"; };
		262F7CEE1FB05B9100C2D24E /* icon4.jpg */ = {isa = PBXFileReference; lastKnownFileType = image.jpeg; path = icon4.jpg; sourceTree = "<group>"; };
		262F7CEF1FB05B9100C2D24E /* Contacts.xcassets */ = {isa = PBXFileReference; lastKnownFileType = folder.assetcatalog; path = Contacts.xcassets; sourceTree = "<group>"; };
		262F7CF01FB05B9100C2D24E /* Discover.xcassets */ = {isa = PBXFileReference; lastKnownFileType = folder.assetcatalog; path = Discover.xcassets; sourceTree = "<group>"; };
		262F7CF11FB05B9100C2D24E /* Home.xcassets */ = {isa = PBXFileReference; lastKnownFileType = folder.assetcatalog; path = Home.xcassets; sourceTree = "<group>"; };
		262F7CF21FB05B9100C2D24E /* Images.xcassets */ = {isa = PBXFileReference; lastKnownFileType = folder.assetcatalog; path = Images.xcassets; sourceTree = "<group>"; };
		262F7CF31FB05B9100C2D24E /* Me.xcassets */ = {isa = PBXFileReference; lastKnownFileType = folder.assetcatalog; path = Me.xcassets; sourceTree = "<group>"; };
		262F7CF51FB05B9100C2D24E /* test0.jpg */ = {isa = PBXFileReference; lastKnownFileType = image.jpeg; path = test0.jpg; sourceTree = "<group>"; };
		262F7CF61FB05B9100C2D24E /* test1.jpg */ = {isa = PBXFileReference; lastKnownFileType = image.jpeg; path = test1.jpg; sourceTree = "<group>"; };
		262F7CF71FB05B9100C2D24E /* test2.jpg */ = {isa = PBXFileReference; lastKnownFileType = image.jpeg; path = test2.jpg; sourceTree = "<group>"; };
		262F7CF81FB05B9100C2D24E /* test3.jpg */ = {isa = PBXFileReference; lastKnownFileType = image.jpeg; path = test3.jpg; sourceTree = "<group>"; };
		262F7CF91FB05B9100C2D24E /* test4.jpg */ = {isa = PBXFileReference; lastKnownFileType = image.jpeg; path = test4.jpg; sourceTree = "<group>"; };
		262F7CFB1FB05B9100C2D24E /* pbg.jpg */ = {isa = PBXFileReference; lastKnownFileType = image.jpeg; path = pbg.jpg; sourceTree = "<group>"; };
		262F7CFC1FB05B9100C2D24E /* pic0.jpg */ = {isa = PBXFileReference; lastKnownFileType = image.jpeg; path = pic0.jpg; sourceTree = "<group>"; };
		262F7CFD1FB05B9100C2D24E /* pic1.jpg */ = {isa = PBXFileReference; lastKnownFileType = image.jpeg; path = pic1.jpg; sourceTree = "<group>"; };
		262F7CFE1FB05B9100C2D24E /* pic2.jpg */ = {isa = PBXFileReference; lastKnownFileType = image.jpeg; path = pic2.jpg; sourceTree = "<group>"; };
		262F7CFF1FB05B9100C2D24E /* pic3.jpg */ = {isa = PBXFileReference; lastKnownFileType = image.jpeg; path = pic3.jpg; sourceTree = "<group>"; };
		262F7D001FB05B9100C2D24E /* pic4.jpg */ = {isa = PBXFileReference; lastKnownFileType = image.jpeg; path = pic4.jpg; sourceTree = "<group>"; };
		262F7D011FB05B9100C2D24E /* pic5.jpg */ = {isa = PBXFileReference; lastKnownFileType = image.jpeg; path = pic5.jpg; sourceTree = "<group>"; };
		262F7D021FB05B9100C2D24E /* pic6.jpg */ = {isa = PBXFileReference; lastKnownFileType = image.jpeg; path = pic6.jpg; sourceTree = "<group>"; };
		262F7D031FB05B9100C2D24E /* pic7.jpg */ = {isa = PBXFileReference; lastKnownFileType = image.jpeg; path = pic7.jpg; sourceTree = "<group>"; };
		262F7D041FB05B9100C2D24E /* pic8.jpg */ = {isa = PBXFileReference; lastKnownFileType = image.jpeg; path = pic8.jpg; sourceTree = "<group>"; };
		262F7D051FB05B9100C2D24E /* picon.jpg */ = {isa = PBXFileReference; lastKnownFileType = image.jpeg; path = picon.jpg; sourceTree = "<group>"; };
		262F7D061FB05B9100C2D24E /* tx.jpeg */ = {isa = PBXFileReference; lastKnownFileType = image.jpeg; path = tx.jpeg; sourceTree = "<group>"; };
/* End PBXFileReference section */

/* Begin PBXFrameworksBuildPhase section */
		1BA75CA61FA467C900B99A3F /* Frameworks */ = {
			isa = PBXFrameworksBuildPhase;
			buildActionMask = 2147483647;
			files = (
			);
			runOnlyForDeploymentPostprocessing = 0;
		};
/* End PBXFrameworksBuildPhase section */

/* Begin PBXGroup section */
		1BA75CA01FA467C900B99A3F = {
			isa = PBXGroup;
			children = (
				1BA75CAB1FA467C900B99A3F /* QZWeiXin */,
				1BA75CAA1FA467C900B99A3F /* Products */,
			);
			sourceTree = "<group>";
		};
		1BA75CAA1FA467C900B99A3F /* Products */ = {
			isa = PBXGroup;
			children = (
				1BA75CA91FA467C900B99A3F /* QZWeiXin.app */,
			);
			name = Products;
			sourceTree = "<group>";
		};
		1BA75CAB1FA467C900B99A3F /* QZWeiXin */ = {
			isa = PBXGroup;
			children = (
				1BA75CAC1FA467C900B99A3F /* AppDelegate.h */,
				1BA75CAD1FA467C900B99A3F /* AppDelegate.m */,
				262F7CC21FB0460200C2D24E /* QZAppFrameTabBarController.h */,
				262F7CC31FB0460200C2D24E /* QZAppFrameTabBarController.m */,
				262F7CCB1FB049B300C2D24E /* QZBaseNavgationController.h */,
				262F7CCC1FB049B300C2D24E /* QZBaseNavgationController.m */,
				262F7CC51FB046DF00C2D24E /* QZBaseTableViewController.h */,
				262F7CC61FB046DF00C2D24E /* QZBaseTableViewController.m */,
				262F7CC81FB0475F00C2D24E /* QZHomeTableViewController.h */,
				262F7CC91FB0475F00C2D24E /* QZHomeTableViewController.m */,
				1BA75CAF1FA467C900B99A3F /* ViewController.h */,
				1BA75CB01FA467C900B99A3F /* ViewController.m */,
				262F7CCE1FB04B1A00C2D24E /* GlobalDefines.pch */,
				262F7CCF1FB05B9100C2D24E /* Resources */,
				1BA75CB51FA467C900B99A3F /* Assets.xcassets */,
				1BA75CB71FA467C900B99A3F /* LaunchScreen.storyboard */,
				1BA75CBA1FA467C900B99A3F /* Info.plist */,
				1BA75CBB1FA467C900B99A3F /* main.m */,
			);
			path = QZWeiXin;
			sourceTree = "<group>";
		};
		262F7CCF1FB05B9100C2D24E /* Resources */ = {
			isa = PBXGroup;
			children = (
				262F7CD01FB05B9100C2D24E /* Images */,
			);
			path = Resources;
			sourceTree = "<group>";
		};
		262F7CD01FB05B9100C2D24E /* Images */ = {
			isa = PBXGroup;
			children = (
				262F7CD11FB05B9100C2D24E /* cell_icons */,
				262F7CEF1FB05B9100C2D24E /* Contacts.xcassets */,
				262F7CF01FB05B9100C2D24E /* Discover.xcassets */,
				262F7CF11FB05B9100C2D24E /* Home.xcassets */,
				262F7CF21FB05B9100C2D24E /* Images.xcassets */,
				262F7CF31FB05B9100C2D24E /* Me.xcassets */,
				262F7CF41FB05B9100C2D24E /* test */,
				262F7CFA1FB05B9100C2D24E /* TimeLineImages */,
				262F7D061FB05B9100C2D24E /* tx.jpeg */,
			);
			path = Images;
			sourceTree = "<group>";
		};
		262F7CD11FB05B9100C2D24E /* cell_icons */ = {
			isa = PBXGroup;
			children = (
				262F7CD21FB05B9100C2D24E /* 0.jpg */,
				262F7CD31FB05B9100C2D24E /* 1.jpg */,
				262F7CD41FB05B9100C2D24E /* 10.jpg */,
				262F7CD51FB05B9100C2D24E /* 11.jpg */,
				262F7CD61FB05B9100C2D24E /* 12.jpg */,
				262F7CD71FB05B9100C2D24E /* 13.jpg */,
				262F7CD81FB05B9100C2D24E /* 14.jpg */,
				262F7CD91FB05B9100C2D24E /* 15.jpg */,
				262F7CDA1FB05B9100C2D24E /* 16.jpg */,
				262F7CDB1FB05B9100C2D24E /* 17.jpg */,
				262F7CDC1FB05B9100C2D24E /* 18.jpg */,
				262F7CDD1FB05B9100C2D24E /* 19.jpg */,
				262F7CDE1FB05B9100C2D24E /* 2.jpg */,
				262F7CDF1FB05B9100C2D24E /* 20.jpg */,
				262F7CE01FB05B9100C2D24E /* 21.jpg */,
				262F7CE11FB05B9100C2D24E /* 22.jpg */,
				262F7CE21FB05B9100C2D24E /* 23.jpg */,
				262F7CE31FB05B9100C2D24E /* 3.jpg */,
				262F7CE41FB05B9100C2D24E /* 4.jpg */,
				262F7CE51FB05B9100C2D24E /* 5.jpg */,
				262F7CE61FB05B9100C2D24E /* 6.jpg */,
				262F7CE71FB05B9100C2D24E /* 7.jpg */,
				262F7CE81FB05B9100C2D24E /* 8.jpg */,
				262F7CE91FB05B9100C2D24E /* 9.jpg */,
				262F7CEA1FB05B9100C2D24E /* icon0.jpg */,
				262F7CEB1FB05B9100C2D24E /* icon1.jpg */,
				262F7CEC1FB05B9100C2D24E /* icon2.jpg */,
				262F7CED1FB05B9100C2D24E /* icon3.jpg */,
				262F7CEE1FB05B9100C2D24E /* icon4.jpg */,
			);
			path = cell_icons;
			sourceTree = "<group>";
		};
		262F7CF41FB05B9100C2D24E /* test */ = {
			isa = PBXGroup;
			children = (
				262F7CF51FB05B9100C2D24E /* test0.jpg */,
				262F7CF61FB05B9100C2D24E /* test1.jpg */,
				262F7CF71FB05B9100C2D24E /* test2.jpg */,
				262F7CF81FB05B9100C2D24E /* test3.jpg */,
				262F7CF91FB05B9100C2D24E /* test4.jpg */,
			);
			path = test;
			sourceTree = "<group>";
		};
		262F7CFA1FB05B9100C2D24E /* TimeLineImages */ = {
			isa = PBXGroup;
			children = (
				262F7CFB1FB05B9100C2D24E /* pbg.jpg */,
				262F7CFC1FB05B9100C2D24E /* pic0.jpg */,
				262F7CFD1FB05B9100C2D24E /* pic1.jpg */,
				262F7CFE1FB05B9100C2D24E /* pic2.jpg */,
				262F7CFF1FB05B9100C2D24E /* pic3.jpg */,
				262F7D001FB05B9100C2D24E /* pic4.jpg */,
				262F7D011FB05B9100C2D24E /* pic5.jpg */,
				262F7D021FB05B9100C2D24E /* pic6.jpg */,
				262F7D031FB05B9100C2D24E /* pic7.jpg */,
				262F7D041FB05B9100C2D24E /* pic8.jpg */,
				262F7D051FB05B9100C2D24E /* picon.jpg */,
			);
			path = TimeLineImages;
			sourceTree = "<group>";
		};
/* End PBXGroup section */

/* Begin PBXNativeTarget section */
		1BA75CA81FA467C900B99A3F /* QZWeiXin */ = {
			isa = PBXNativeTarget;
			buildConfigurationList = 1BA75CBF1FA467C900B99A3F /* Build configuration list for PBXNativeTarget "QZWeiXin" */;
			buildPhases = (
				1BA75CA51FA467C900B99A3F /* Sources */,
				1BA75CA61FA467C900B99A3F /* Frameworks */,
				1BA75CA71FA467C900B99A3F /* Resources */,
			);
			buildRules = (
			);
			dependencies = (
			);
			name = QZWeiXin;
			productName = QZWeiXin;
			productReference = 1BA75CA91FA467C900B99A3F /* QZWeiXin.app */;
			productType = "com.apple.product-type.application";
		};
/* End PBXNativeTarget section */

/* Begin PBXProject section */
		1BA75CA11FA467C900B99A3F /* Project object */ = {
			isa = PBXProject;
			attributes = {
				LastUpgradeCheck = 0900;
				ORGANIZATIONNAME = "范庆忠";
				TargetAttributes = {
					1BA75CA81FA467C900B99A3F = {
						CreatedOnToolsVersion = 9.0;
						ProvisioningStyle = Automatic;
					};
				};
			};
			buildConfigurationList = 1BA75CA41FA467C900B99A3F /* Build configuration list for PBXProject "QZWeiXin" */;
			compatibilityVersion = "Xcode 8.0";
			developmentRegion = en;
			hasScannedForEncodings = 0;
			knownRegions = (
				en,
				Base,
			);
			mainGroup = 1BA75CA01FA467C900B99A3F;
			productRefGroup = 1BA75CAA1FA467C900B99A3F /* Products */;
			projectDirPath = "";
			projectRoot = "";
			targets = (
				1BA75CA81FA467C900B99A3F /* QZWeiXin */,
			);
		};
/* End PBXProject section */

/* Begin PBXResourcesBuildPhase section */
		1BA75CA71FA467C900B99A3F /* Resources */ = {
			isa = PBXResourcesBuildPhase;
			buildActionMask = 2147483647;
			files = (
				262F7D111FB05B9100C2D24E /* 18.jpg in Resources */,
				262F7D291FB05B9100C2D24E /* test0.jpg in Resources */,
				262F7D2B1FB05B9100C2D24E /* test2.jpg in Resources */,
				262F7D2E1FB05B9100C2D24E /* pbg.jpg in Resources */,
				262F7D301FB05B9100C2D24E /* pic1.jpg in Resources */,
				262F7D381FB05B9100C2D24E /* picon.jpg in Resources */,
				262F7D0D1FB05B9100C2D24E /* 14.jpg in Resources */,
				262F7D321FB05B9100C2D24E /* pic3.jpg in Resources */,
				262F7D2A1FB05B9100C2D24E /* test1.jpg in Resources */,
				262F7D091FB05B9100C2D24E /* 10.jpg in Resources */,
				262F7D1C1FB05B9100C2D24E /* 7.jpg in Resources */,
				262F7D1B1FB05B9100C2D24E /* 6.jpg in Resources */,
				262F7D0C1FB05B9100C2D24E /* 13.jpg in Resources */,
				262F7D071FB05B9100C2D24E /* 0.jpg in Resources */,
				262F7D151FB05B9100C2D24E /* 21.jpg in Resources */,
				262F7D261FB05B9100C2D24E /* Home.xcassets in Resources */,
				262F7D0B1FB05B9100C2D24E /* 12.jpg in Resources */,
				262F7D0E1FB05B9100C2D24E /* 15.jpg in Resources */,
				262F7D141FB05B9100C2D24E /* 20.jpg in Resources */,
				262F7D351FB05B9100C2D24E /* pic6.jpg in Resources */,
				262F7D081FB05B9100C2D24E /* 1.jpg in Resources */,
				262F7D241FB05B9100C2D24E /* Contacts.xcassets in Resources */,
				262F7D171FB05B9100C2D24E /* 23.jpg in Resources */,
				262F7D1E1FB05B9100C2D24E /* 9.jpg in Resources */,
				262F7D2C1FB05B9100C2D24E /* test3.jpg in Resources */,
				262F7D271FB05B9100C2D24E /* Images.xcassets in Resources */,
				262F7D281FB05B9100C2D24E /* Me.xcassets in Resources */,
				262F7D221FB05B9100C2D24E /* icon3.jpg in Resources */,
				262F7D331FB05B9100C2D24E /* pic4.jpg in Resources */,
				262F7D1A1FB05B9100C2D24E /* 5.jpg in Resources */,
				262F7D0F1FB05B9100C2D24E /* 16.jpg in Resources */,
				262F7D211FB05B9100C2D24E /* icon2.jpg in Resources */,
				262F7D121FB05B9100C2D24E /* 19.jpg in Resources */,
				262F7D1F1FB05B9100C2D24E /* icon0.jpg in Resources */,
				262F7D0A1FB05B9100C2D24E /* 11.jpg in Resources */,
				262F7D311FB05B9100C2D24E /* pic2.jpg in Resources */,
				262F7D101FB05B9100C2D24E /* 17.jpg in Resources */,
				262F7D231FB05B9100C2D24E /* icon4.jpg in Resources */,
				262F7D191FB05B9100C2D24E /* 4.jpg in Resources */,
				262F7D181FB05B9100C2D24E /* 3.jpg in Resources */,
				262F7D251FB05B9100C2D24E /* Discover.xcassets in Resources */,
				262F7D391FB05B9100C2D24E /* tx.jpeg in Resources */,
				262F7D2F1FB05B9100C2D24E /* pic0.jpg in Resources */,
				262F7D341FB05B9100C2D24E /* pic5.jpg in Resources */,
				262F7D201FB05B9100C2D24E /* icon1.jpg in Resources */,
				262F7D1D1FB05B9100C2D24E /* 8.jpg in Resources */,
				262F7D131FB05B9100C2D24E /* 2.jpg in Resources */,
				262F7D161FB05B9100C2D24E /* 22.jpg in Resources */,
				262F7D361FB05B9100C2D24E /* pic7.jpg in Resources */,
				1BA75CB91FA467C900B99A3F /* LaunchScreen.storyboard in Resources */,
				262F7D2D1FB05B9100C2D24E /* test4.jpg in Resources */,
				262F7D371FB05B9100C2D24E /* pic8.jpg in Resources */,
				1BA75CB61FA467C900B99A3F /* Assets.xcassets in Resources */,
			);
			runOnlyForDeploymentPostprocessing = 0;
		};
/* End PBXResourcesBuildPhase section */

/* Begin PBXSourcesBuildPhase section */
		1BA75CA51FA467C900B99A3F /* Sources */ = {
			isa = PBXSourcesBuildPhase;
			buildActionMask = 2147483647;
			files = (
				1BA75CB11FA467C900B99A3F /* ViewController.m in Sources */,
				1BA75CBC1FA467C900B99A3F /* main.m in Sources */,
				262F7CC71FB046DF00C2D24E /* QZBaseTableViewController.m in Sources */,
				262F7CCD1FB049B300C2D24E /* QZBaseNavgationController.m in Sources */,
				262F7CCA1FB0475F00C2D24E /* QZHomeTableViewController.m in Sources */,
				262F7CC41FB0460200C2D24E /* QZAppFrameTabBarController.m in Sources */,
				1BA75CAE1FA467C900B99A3F /* AppDelegate.m in Sources */,
			);
			runOnlyForDeploymentPostprocessing = 0;
		};
/* End PBXSourcesBuildPhase section */

/* Begin PBXVariantGroup section */
		1BA75CB71FA467C900B99A3F /* LaunchScreen.storyboard */ = {
			isa = PBXVariantGroup;
			children = (
				1BA75CB81FA467C900B99A3F /* Base */,
			);
			name = LaunchScreen.storyboard;
			sourceTree = "<group>";
		};
/* End PBXVariantGroup section */

/* Begin XCBuildConfiguration section */
		1BA75CBD1FA467C900B99A3F /* Debug */ = {
			isa = XCBuildConfiguration;
			buildSettings = {
				ALWAYS_SEARCH_USER_PATHS = NO;
				CLANG_ANALYZER_NONNULL = YES;
				CLANG_ANALYZER_NUMBER_OBJECT_CONVERSION = YES_AGGRESSIVE;
				CLANG_CXX_LANGUAGE_STANDARD = "gnu++14";
				CLANG_CXX_LIBRARY = "libc++";
				CLANG_ENABLE_MODULES = YES;
				CLANG_ENABLE_OBJC_ARC = YES;
				CLANG_WARN_BLOCK_CAPTURE_AUTORELEASING = YES;
				CLANG_WARN_BOOL_CONVERSION = YES;
				CLANG_WARN_COMMA = YES;
				CLANG_WARN_CONSTANT_CONVERSION = YES;
				CLANG_WARN_DIRECT_OBJC_ISA_USAGE = YES_ERROR;
				CLANG_WARN_DOCUMENTATION_COMMENTS = YES;
				CLANG_WARN_EMPTY_BODY = YES;
				CLANG_WARN_ENUM_CONVERSION = YES;
				CLANG_WARN_INFINITE_RECURSION = YES;
				CLANG_WARN_INT_CONVERSION = YES;
				CLANG_WARN_NON_LITERAL_NULL_CONVERSION = YES;
				CLANG_WARN_OBJC_LITERAL_CONVERSION = YES;
				CLANG_WARN_OBJC_ROOT_CLASS = YES_ERROR;
				CLANG_WARN_RANGE_LOOP_ANALYSIS = YES;
				CLANG_WARN_STRICT_PROTOTYPES = YES;
				CLANG_WARN_SUSPICIOUS_MOVE = YES;
				CLANG_WARN_UNGUARDED_AVAILABILITY = YES_AGGRESSIVE;
				CLANG_WARN_UNREACHABLE_CODE = YES;
				CLANG_WARN__DUPLICATE_METHOD_MATCH = YES;
				CODE_SIGN_IDENTITY = "iPhone Developer";
				COPY_PHASE_STRIP = NO;
				DEBUG_INFORMATION_FORMAT = dwarf;
				ENABLE_STRICT_OBJC_MSGSEND = YES;
				ENABLE_TESTABILITY = YES;
				GCC_C_LANGUAGE_STANDARD = gnu11;
				GCC_DYNAMIC_NO_PIC = NO;
				GCC_NO_COMMON_BLOCKS = YES;
				GCC_OPTIMIZATION_LEVEL = 0;
				GCC_PREPROCESSOR_DEFINITIONS = (
					"DEBUG=1",
					"$(inherited)",
				);
				GCC_WARN_64_TO_32_BIT_CONVERSION = YES;
				GCC_WARN_ABOUT_RETURN_TYPE = YES_ERROR;
				GCC_WARN_UNDECLARED_SELECTOR = YES;
				GCC_WARN_UNINITIALIZED_AUTOS = YES_AGGRESSIVE;
				GCC_WARN_UNUSED_FUNCTION = YES;
				GCC_WARN_UNUSED_VARIABLE = YES;
				IPHONEOS_DEPLOYMENT_TARGET = 11.0;
				MTL_ENABLE_DEBUG_INFO = YES;
				ONLY_ACTIVE_ARCH = YES;
				SDKROOT = iphoneos;
			};
			name = Debug;
		};
		1BA75CBE1FA467C900B99A3F /* Release */ = {
			isa = XCBuildConfiguration;
			buildSettings = {
				ALWAYS_SEARCH_USER_PATHS = NO;
				CLANG_ANALYZER_NONNULL = YES;
				CLANG_ANALYZER_NUMBER_OBJECT_CONVERSION = YES_AGGRESSIVE;
				CLANG_CXX_LANGUAGE_STANDARD = "gnu++14";
				CLANG_CXX_LIBRARY = "libc++";
				CLANG_ENABLE_MODULES = YES;
				CLANG_ENABLE_OBJC_ARC = YES;
				CLANG_WARN_BLOCK_CAPTURE_AUTORELEASING = YES;
				CLANG_WARN_BOOL_CONVERSION = YES;
				CLANG_WARN_COMMA = YES;
				CLANG_WARN_CONSTANT_CONVERSION = YES;
				CLANG_WARN_DIRECT_OBJC_ISA_USAGE = YES_ERROR;
				CLANG_WARN_DOCUMENTATION_COMMENTS = YES;
				CLANG_WARN_EMPTY_BODY = YES;
				CLANG_WARN_ENUM_CONVERSION = YES;
				CLANG_WARN_INFINITE_RECURSION = YES;
				CLANG_WARN_INT_CONVERSION = YES;
				CLANG_WARN_NON_LITERAL_NULL_CONVERSION = YES;
				CLANG_WARN_OBJC_LITERAL_CONVERSION = YES;
				CLANG_WARN_OBJC_ROOT_CLASS = YES_ERROR;
				CLANG_WARN_RANGE_LOOP_ANALYSIS = YES;
				CLANG_WARN_STRICT_PROTOTYPES = YES;
				CLANG_WARN_SUSPICIOUS_MOVE = YES;
				CLANG_WARN_UNGUARDED_AVAILABILITY = YES_AGGRESSIVE;
				CLANG_WARN_UNREACHABLE_CODE = YES;
				CLANG_WARN__DUPLICATE_METHOD_MATCH = YES;
				CODE_SIGN_IDENTITY = "iPhone Developer";
				COPY_PHASE_STRIP = NO;
				DEBUG_INFORMATION_FORMAT = "dwarf-with-dsym";
				ENABLE_NS_ASSERTIONS = NO;
				ENABLE_STRICT_OBJC_MSGSEND = YES;
				GCC_C_LANGUAGE_STANDARD = gnu11;
				GCC_NO_COMMON_BLOCKS = YES;
				GCC_WARN_64_TO_32_BIT_CONVERSION = YES;
				GCC_WARN_ABOUT_RETURN_TYPE = YES_ERROR;
				GCC_WARN_UNDECLARED_SELECTOR = YES;
				GCC_WARN_UNINITIALIZED_AUTOS = YES_AGGRESSIVE;
				GCC_WARN_UNUSED_FUNCTION = YES;
				GCC_WARN_UNUSED_VARIABLE = YES;
				IPHONEOS_DEPLOYMENT_TARGET = 11.0;
				MTL_ENABLE_DEBUG_INFO = NO;
				SDKROOT = iphoneos;
				VALIDATE_PRODUCT = YES;
			};
			name = Release;
		};
		1BA75CC01FA467C900B99A3F /* Debug */ = {
			isa = XCBuildConfiguration;
			buildSettings = {
				ASSETCATALOG_COMPILER_APPICON_NAME = AppIcon;
				CODE_SIGN_STYLE = Automatic;
				DEVELOPMENT_TEAM = S4APB779M6;
				GCC_PRECOMPILE_PREFIX_HEADER = YES;
				GCC_PREFIX_HEADER = QZWeiXin/GlobalDefines.pch;
				INFOPLIST_FILE = QZWeiXin/Info.plist;
				IPHONEOS_DEPLOYMENT_TARGET = 8.0;
				LD_RUNPATH_SEARCH_PATHS = "$(inherited) @executable_path/Frameworks";
				PRODUCT_BUNDLE_IDENTIFIER = com.xiaozuoxiaoyou.com.cn.QZWeiXin;
				PRODUCT_NAME = "$(TARGET_NAME)";
				TARGETED_DEVICE_FAMILY = "1,2";
			};
			name = Debug;
		};
		1BA75CC11FA467C900B99A3F /* Release */ = {
			isa = XCBuildConfiguration;
			buildSettings = {
				ASSETCATALOG_COMPILER_APPICON_NAME = AppIcon;
				CODE_SIGN_STYLE = Automatic;
				DEVELOPMENT_TEAM = S4APB779M6;
				GCC_PRECOMPILE_PREFIX_HEADER = YES;
				GCC_PREFIX_HEADER = QZWeiXin/GlobalDefines.pch;
				INFOPLIST_FILE = QZWeiXin/Info.plist;
				IPHONEOS_DEPLOYMENT_TARGET = 8.0;
				LD_RUNPATH_SEARCH_PATHS = "$(inherited) @executable_path/Frameworks";
				PRODUCT_BUNDLE_IDENTIFIER = com.xiaozuoxiaoyou.com.cn.QZWeiXin;
				PRODUCT_NAME = "$(TARGET_NAME)";
				TARGETED_DEVICE_FAMILY = "1,2";
			};
			name = Release;
		};
/* End XCBuildConfiguration section */

/* Begin XCConfigurationList section */
		1BA75CA41FA467C900B99A3F /* Build configuration list for PBXProject "QZWeiXin" */ = {
			isa = XCConfigurationList;
			buildConfigurations = (
				1BA75CBD1FA467C900B99A3F /* Debug */,
				1BA75CBE1FA467C900B99A3F /* Release */,
			);
			defaultConfigurationIsVisible = 0;
			defaultConfigurationName = Release;
		};
		1BA75CBF1FA467C900B99A3F /* Build configuration list for PBXNativeTarget "QZWeiXin" */ = {
			isa = XCConfigurationList;
			buildConfigurations = (
				1BA75CC01FA467C900B99A3F /* Debug */,
				1BA75CC11FA467C900B99A3F /* Release */,
			);
			defaultConfigurationIsVisible = 0;
			defaultConfigurationName = Release;
		};
/* End XCConfigurationList section */
	};
	rootObject = 1BA75CA11FA467C900B99A3F /* Project object */;
}
